
Microsoft Visual Studio Solution File, Format Version 12.00
Project("{FAE04EC0-301F-11D3-BF4B-00C04F79EFBC}") = "Dub.Sorting", "Dub.Sorting\Dub.Sorting.csproj", "{E0EE386F-8082-4263-88A2-94055FAB72A3}"
EndProject
Project("{FAE04EC0-301F-11D3-BF4B-00C04F79EFBC}") = "Dub.Sorting.Tests", "Dub.Sorting.Tests\Dub.Sorting.Tests.csproj", "{3B5DFAC7-F17B-4718-92CF-8CAFA8DE8511}"
EndProject
Global
	GlobalSection(SolutionConfigurationPlatforms) = preSolution
		Debug|Any CPU = Debug|Any CPU
		Release|Any CPU = Release|Any CPU
	EndGlobalSection
	GlobalSection(ProjectConfigurationPlatforms) = postSolution
		{E0EE386F-8082-4263-88A2-94055FAB72A3}.Debug|Any CPU.ActiveCfg = Debug|Any CPU
		{E0EE386F-8082-4263-88A2-94055FAB72A3}.Debug|Any CPU.Build.0 = Debug|Any CPU
		{E0EE386F-8082-4263-88A2-94055FAB72A3}.Release|Any CPU.ActiveCfg = Release|Any CPU
		{E0EE386F-8082-4263-88A2-94055FAB72A3}.Release|Any CPU.Build.0 = Release|Any CPU
		{3B5DFAC7-F17B-4718-92CF-8CAFA8DE8511}.Debug|Any CPU.ActiveCfg = Debug|Any CPU
		{3B5DFAC7-F17B-4718-92CF-8CAFA8DE8511}.Debug|Any CPU.Build.0 = Debug|Any CPU
		{3B5DFAC7-F17B-4718-92CF-8CAFA8DE8511}.Release|Any CPU.ActiveCfg = Release|Any CPU
		{3B5DFAC7-F17B-4718-92CF-8CAFA8DE8511}.Release|Any CPU.Build.0 = Release|Any CPU
	EndGlobalSection
EndGlobal
